
Microsoft Visual Studio Solution File, Format Version 12.00
Project("{FAE04EC0-301F-11D3-BF4B-00C04F79EFBC}") = "MyMinimalApi", "MyMinimalApi\MyMinimalApi.csproj", "{CD8561CE-74B5-42FA-9C42-50148073F96D}"
EndProject
Global
	GlobalSection(SolutionConfigurationPlatforms) = preSolution
		Debug|Any CPU = Debug|Any CPU
		Release|Any CPU = Release|Any CPU
	EndGlobalSection
	GlobalSection(ProjectConfigurationPlatforms) = postSolution
		{CD8561CE-74B5-42FA-9C42-50148073F96D}.Debug|Any CPU.ActiveCfg = Debug|Any CPU
		{CD8561CE-74B5-42FA-9C42-50148073F96D}.Debug|Any CPU.Build.0 = Debug|Any CPU
		{CD8561CE-74B5-42FA-9C42-50148073F96D}.Release|Any CPU.ActiveCfg = Release|Any CPU
		{CD8561CE-74B5-42FA-9C42-50148073F96D}.Release|Any CPU.Build.0 = Release|Any CPU
	EndGlobalSection
EndGlobal
